dependencies:
  idf:
    component_hash: null
    source:
      type: idf
    version: 4.4.4
  joltwallet__littlefs:
    component_hash: null
    source:
      path: /home/chris/anna_elsa_esp32_firmware/components/joltwallet__littlefs
      type: local
    version: 1.5.1
manifest_hash: 6b7663de05c6eaf48061009794aa78bdf371a9d4e3ee22aaa54bf3aa73c524c4
target: esp32
version: 1.0.0
